
Microsoft Visual Studio Solution File, Format Version 12.00
# Visual Studio Version 17
VisualStudioVersion = 17.9.34902.65
MinimumVisualStudioVersion = 10.0.40219.1
Project("{9A19103F-16F7-4668-BE54-9A1E7A4F7556}") = "DockerStatsParser", "DockerStatsParser\DockerStatsParser.csproj", "{475B17FF-1810-4B9B-860D-D86CEEA2BF51}"
EndProject
Project("{2150E333-8FDC-42A3-9474-1A3956D46DE8}") = "Solution Items", "Solution Items", "{CD9168D7-4906-4BEE-BFED-F548B19432AA}"
	ProjectSection(SolutionItems) = preProject
		..\.gitignore = ..\.gitignore
	EndProjectSection
EndProject
Global
	GlobalSection(SolutionConfigurationPlatforms) = preSolution
		Debug|Any CPU = Debug|Any CPU
		Release|Any CPU = Release|Any CPU
	EndGlobalSection
	GlobalSection(ProjectConfigurationPlatforms) = postSolution
		{475B17FF-1810-4B9B-860D-D86CEEA2BF51}.Debug|Any CPU.ActiveCfg = Debug|Any CPU
		{475B17FF-1810-4B9B-860D-D86CEEA2BF51}.Debug|Any CPU.Build.0 = Debug|Any CPU
		{475B17FF-1810-4B9B-860D-D86CEEA2BF51}.Release|Any CPU.ActiveCfg = Release|Any CPU
		{475B17FF-1810-4B9B-860D-D86CEEA2BF51}.Release|Any CPU.Build.0 = Release|Any CPU
	EndGlobalSection
	GlobalSection(SolutionProperties) = preSolution
		HideSolutionNode = FALSE
	EndGlobalSection
	GlobalSection(ExtensibilityGlobals) = postSolution
		SolutionGuid = {7513FB31-A7FF-4EBC-A772-CDF56FC44AFD}
	EndGlobalSection
EndGlobal
